
Microsoft Visual Studio Solution File, Format Version 12.00
# Visual Studio Version 16
VisualStudioVersion = 16.0.29519.87
MinimumVisualStudioVersion = 10.0.40219.1
Project("{8BC9CEB8-8B4A-11D0-8D11-00A0C91BC942}") = "Numbaseball", "Numbaseball.vcxproj", "{B80549ED-1FF6-445A-9230-1C29505C1935}"
EndProject
Global
	GlobalSection(SolutionConfigurationPlatforms) = preSolution
		Debug|x64 = Debug|x64
		Debug|x86 = Debug|x86
		Release|x64 = Release|x64
		Release|x86 = Release|x86
	EndGlobalSection
	GlobalSection(ProjectConfigurationPlatforms) = postSolution
		{B80549ED-1FF6-445A-9230-1C29505C1935}.Debug|x64.ActiveCfg = Debug|x64
		{B80549ED-1FF6-445A-9230-1C29505C1935}.Debug|x64.Build.0 = Debug|x64
		{B80549ED-1FF6-445A-9230-1C29505C1935}.Debug|x86.ActiveCfg = Debug|Win32
		{B80549ED-1FF6-445A-9230-1C29505C1935}.Debug|x86.Build.0 = Debug|Win32
		{B80549ED-1FF6-445A-9230-1C29505C1935}.Release|x64.ActiveCfg = Release|x64
		{B80549ED-1FF6-445A-9230-1C29505C1935}.Release|x64.Build.0 = Release|x64
		{B80549ED-1FF6-445A-9230-1C29505C1935}.Release|x86.ActiveCfg = Release|Win32
		{B80549ED-1FF6-445A-9230-1C29505C1935}.Release|x86.Build.0 = Release|Win32
	EndGlobalSection
	GlobalSection(SolutionProperties) = preSolution
		HideSolutionNode = FALSE
	EndGlobalSection
	GlobalSection(ExtensibilityGlobals) = postSolution
		SolutionGuid = {7C3136E9-7728-49CA-9307-3D644DA6F91D}
	EndGlobalSection
EndGlobal
